// !$*UTF8*$!
{
	archiveVersion = 1;
	classes = {
	};
	objectVersion = 56;
	objects = {

/* Begin PBXBuildFile section */
		80A4478729DACCCE00C4BC9D /* PreferenceWithNSViewRepresentableIssueApp.swift in Sources */ = {isa = PBXBuildFile; fileRef = 80A4478629DACCCE00C4BC9D /* PreferenceWithNSViewRepresentableIssueApp.swift */; };
		80A4478929DACCCE00C4BC9D /* ContentView.swift in Sources */ = {isa = PBXBuildFile; fileRef = 80A4478829DACCCE00C4BC9D /* ContentView.swift */; };
		80A4478B29DACCCF00C4BC9D /* Assets.xcassets in Resources */ = {isa = PBXBuildFile; fileRef = 80A4478A29DACCCF00C4BC9D /* Assets.xcassets */; };
		80A4478E29DACCCF00C4BC9D /* Preview Assets.xcassets in Resources */ = {isa = PBXBuildFile; fileRef = 80A4478D29DACCCF00C4BC9D /* Preview Assets.xcassets */; };
/* End PBXBuildFile section */

/* Begin PBXFileReference section */
		80A4478329DACCCE00C4BC9D /* PreferenceWithNSViewRepresentableIssue.app */ = {isa = PBXFileReference; explicitFileType = wrapper.application; includeInIndex = 0; path = PreferenceWithNSViewRepresentableIssue.app; sourceTree = BUILT_PRODUCTS_DIR; };
		80A4478629DACCCE00C4BC9D /* PreferenceWithNSViewRepresentableIssueApp.swift */ = {isa = PBXFileReference; lastKnownFileType = sourcecode.swift; path = PreferenceWithNSViewRepresentableIssueApp.swift; sourceTree = "<group>"; };
		80A4478829DACCCE00C4BC9D /* ContentView.swift */ = {isa = PBXFileReference; lastKnownFileType = sourcecode.swift; path = ContentView.swift; sourceTree = "<group>"; };
		80A4478A29DACCCF00C4BC9D /* Assets.xcassets */ = {isa = PBXFileReference; lastKnownFileType = folder.assetcatalog; path = Assets.xcassets; sourceTree = "<group>"; };
		80A4478D29DACCCF00C4BC9D /* Preview Assets.xcassets */ = {isa = PBXFileReference; lastKnownFileType = folder.assetcatalog; path = "Preview Assets.xcassets"; sourceTree = "<group>"; };
		80A4478F29DACCCF00C4BC9D /* PreferenceWithNSViewRepresentableIssue.entitlements */ = {isa = PBXFileReference; lastKnownFileType = text.plist.entitlements; path = PreferenceWithNSViewRepresentableIssue.entitlements; sourceTree = "<group>"; };
/* End PBXFileReference section */

/* Begin PBXFrameworksBuildPhase section */
		80A4478029DACCCE00C4BC9D /* Frameworks */ = {
			isa = PBXFrameworksBuildPhase;
			buildActionMask = 2147483647;
			files = (
			);
			runOnlyForDeploymentPostprocessing = 0;
		};
/* End PBXFrameworksBuildPhase section */

/* Begin PBXGroup section */
		80A4477A29DACCCE00C4BC9D = {
			isa = PBXGroup;
			children = (
				80A4478529DACCCE00C4BC9D /* PreferenceWithNSViewRepresentableIssue */,
				80A4478429DACCCE00C4BC9D /* Products */,
			);
			sourceTree = "<group>";
		};
		80A4478429DACCCE00C4BC9D /* Products */ = {
			isa = PBXGroup;
			children = (
				80A4478329DACCCE00C4BC9D /* PreferenceWithNSViewRepresentableIssue.app */,
			);
			name = Products;
			sourceTree = "<group>";
		};
		80A4478529DACCCE00C4BC9D /* PreferenceWithNSViewRepresentableIssue */ = {
			isa = PBXGroup;
			children = (
				80A4478629DACCCE00C4BC9D /* PreferenceWithNSViewRepresentableIssueApp.swift */,
				80A4478829DACCCE00C4BC9D /* ContentView.swift */,
				80A4478A29DACCCF00C4BC9D /* Assets.xcassets */,
				80A4478F29DACCCF00C4BC9D /* PreferenceWithNSViewRepresentableIssue.entitlements */,
				80A4478C29DACCCF00C4BC9D /* Preview Content */,
			);
			path = PreferenceWithNSViewRepresentableIssue;
			sourceTree = "<group>";
		};
		80A4478C29DACCCF00C4BC9D /* Preview Content */ = {
			isa = PBXGroup;
			children = (
				80A4478D29DACCCF00C4BC9D /* Preview Assets.xcassets */,
			);
			path = "Preview Content";
			sourceTree = "<group>";
		};
/* End PBXGroup section */

/* Begin PBXNativeTarget section */
		80A4478229DACCCE00C4BC9D /* PreferenceWithNSViewRepresentableIssue */ = {
			isa = PBXNativeTarget;
			buildConfigurationList = 80A4479229DACCCF00C4BC9D /* Build configuration list for PBXNativeTarget "PreferenceWithNSViewRepresentableIssue" */;
			buildPhases = (
				80A4477F29DACCCE00C4BC9D /* Sources */,
				80A4478029DACCCE00C4BC9D /* Frameworks */,
				80A4478129DACCCE00C4BC9D /* Resources */,
			);
			buildRules = (
			);
			dependencies = (
			);
			name = PreferenceWithNSViewRepresentableIssue;
			productName = PreferenceWithNSViewRepresentableIssue;
			productReference = 80A4478329DACCCE00C4BC9D /* PreferenceWithNSViewRepresentableIssue.app */;
			productType = "com.apple.product-type.application";
		};
/* End PBXNativeTarget section */

/* Begin PBXProject section */
		80A4477B29DACCCE00C4BC9D /* Project object */ = {
			isa = PBXProject;
			attributes = {
				BuildIndependentTargetsInParallel = 1;
				LastSwiftUpdateCheck = 1430;
				LastUpgradeCheck = 1430;
				TargetAttributes = {
					80A4478229DACCCE00C4BC9D = {
						CreatedOnToolsVersion = 14.3;
					};
				};
			};
			buildConfigurationList = 80A4477E29DACCCE00C4BC9D /* Build configuration list for PBXProject "PreferenceWithNSViewRepresentableIssue" */;
			compatibilityVersion = "Xcode 14.0";
			developmentRegion = en;
			hasScannedForEncodings = 0;
			knownRegions = (
				en,
				Base,
			);
			mainGroup = 80A4477A29DACCCE00C4BC9D;
			productRefGroup = 80A4478429DACCCE00C4BC9D /* Products */;
			projectDirPath = "";
			projectRoot = "";
			targets = (
				80A4478229DACCCE00C4BC9D /* PreferenceWithNSViewRepresentableIssue */,
			);
		};
/* End PBXProject section */

/* Begin PBXResourcesBuildPhase section */
		80A4478129DACCCE00C4BC9D /* Resources */ = {
			isa = PBXResourcesBuildPhase;
			buildActionMask = 2147483647;
			files = (
				80A4478E29DACCCF00C4BC9D /* Preview Assets.xcassets in Resources */,
				80A4478B29DACCCF00C4BC9D /* Assets.xcassets in Resources */,
			);
			runOnlyForDeploymentPostprocessing = 0;
		};
/* End PBXResourcesBuildPhase section */

/* Begin PBXSourcesBuildPhase section */
		80A4477F29DACCCE00C4BC9D /* Sources */ = {
			isa = PBXSourcesBuildPhase;
			buildActionMask = 2147483647;
			files = (
				80A4478929DACCCE00C4BC9D /* ContentView.swift in Sources */,
				80A4478729DACCCE00C4BC9D /* PreferenceWithNSViewRepresentableIssueApp.swift in Sources */,
			);
			runOnlyForDeploymentPostprocessing = 0;
		};
/* End PBXSourcesBuildPhase section */

/* Begin XCBuildConfiguration section */
		80A4479029DACCCF00C4BC9D /* Debug */ = {
			isa = XCBuildConfiguration;
			buildSettings = {
				ALWAYS_SEARCH_USER_PATHS = NO;
				CLANG_ANALYZER_NONNULL = YES;
				CLANG_ANALYZER_NUMBER_OBJECT_CONVERSION = YES_AGGRESSIVE;
				CLANG_CXX_LANGUAGE_STANDARD = "gnu++20";
				CLANG_ENABLE_MODULES = YES;
				CLANG_ENABLE_OBJC_ARC = YES;
				CLANG_ENABLE_OBJC_WEAK = YES;
				CLANG_WARN_BLOCK_CAPTURE_AUTORELEASING = YES;
				CLANG_WARN_BOOL_CONVERSION = YES;
				CLANG_WARN_COMMA = YES;
				CLANG_WARN_CONSTANT_CONVERSION = YES;
				CLANG_WARN_DEPRECATED_OBJC_IMPLEMENTATIONS = YES;
				CLANG_WARN_DIRECT_OBJC_ISA_USAGE = YES_ERROR;
				CLANG_WARN_DOCUMENTATION_COMMENTS = YES;
				CLANG_WARN_EMPTY_BODY = YES;
				CLANG_WARN_ENUM_CONVERSION = YES;
				CLANG_WARN_INFINITE_RECURSION = YES;
				CLANG_WARN_INT_CONVERSION = YES;
				CLANG_WARN_NON_LITERAL_NULL_CONVERSION = YES;
				CLANG_WARN_OBJC_IMPLICIT_RETAIN_SELF = YES;
				CLANG_WARN_OBJC_LITERAL_CONVERSION = YES;
				CLANG_WARN_OBJC_ROOT_CLASS = YES_ERROR;
				CLANG_WARN_QUOTED_INCLUDE_IN_FRAMEWORK_HEADER = YES;
				CLANG_WARN_RANGE_LOOP_ANALYSIS = YES;
				CLANG_WARN_STRICT_PROTOTYPES = YES;
				CLANG_WARN_SUSPICIOUS_MOVE = YES;
				CLANG_WARN_UNGUARDED_AVAILABILITY = YES_AGGRESSIVE;
				CLANG_WARN_UNREACHABLE_CODE = YES;
				CLANG_WARN__DUPLICATE_METHOD_MATCH = YES;
				COPY_PHASE_STRIP = NO;
				DEBUG_INFORMATION_FORMAT = dwarf;
				ENABLE_STRICT_OBJC_MSGSEND = YES;
				ENABLE_TESTABILITY = YES;
				GCC_C_LANGUAGE_STANDARD = gnu11;
				GCC_DYNAMIC_NO_PIC = NO;
				GCC_NO_COMMON_BLOCKS = YES;
				GCC_OPTIMIZATION_LEVEL = 0;
				GCC_PREPROCESSOR_DEFINITIONS = (
					"DEBUG=1",
					"$(inherited)",
				);
				GCC_WARN_64_TO_32_BIT_CONVERSION = YES;
				GCC_WARN_ABOUT_RETURN_TYPE = YES_ERROR;
				GCC_WARN_UNDECLARED_SELECTOR = YES;
				GCC_WARN_UNINITIALIZED_AUTOS = YES_AGGRESSIVE;
				GCC_WARN_UNUSED_FUNCTION = YES;
				GCC_WARN_UNUSED_VARIABLE = YES;
				MACOSX_DEPLOYMENT_TARGET = 13.2;
				MTL_ENABLE_DEBUG_INFO = INCLUDE_SOURCE;
				MTL_FAST_MATH = YES;
				ONLY_ACTIVE_ARCH = YES;
				SDKROOT = macosx;
				SWIFT_ACTIVE_COMPILATION_CONDITIONS = DEBUG;
				SWIFT_OPTIMIZATION_LEVEL = "-Onone";
			};
			name = Debug;
		};
		80A4479129DACCCF00C4BC9D /* Release */ = {
			isa = XCBuildConfiguration;
			buildSettings = {
				ALWAYS_SEARCH_USER_PATHS = NO;
				CLANG_ANALYZER_NONNULL = YES;
				CLANG_ANALYZER_NUMBER_OBJECT_CONVERSION = YES_AGGRESSIVE;
				CLANG_CXX_LANGUAGE_STANDARD = "gnu++20";
				CLANG_ENABLE_MODULES = YES;
				CLANG_ENABLE_OBJC_ARC = YES;
				CLANG_ENABLE_OBJC_WEAK = YES;
				CLANG_WARN_BLOCK_CAPTURE_AUTORELEASING = YES;
				CLANG_WARN_BOOL_CONVERSION = YES;
				CLANG_WARN_COMMA = YES;
				CLANG_WARN_CONSTANT_CONVERSION = YES;
				CLANG_WARN_DEPRECATED_OBJC_IMPLEMENTATIONS = YES;
				CLANG_WARN_DIRECT_OBJC_ISA_USAGE = YES_ERROR;
				CLANG_WARN_DOCUMENTATION_COMMENTS = YES;
				CLANG_WARN_EMPTY_BODY = YES;
				CLANG_WARN_ENUM_CONVERSION = YES;
				CLANG_WARN_INFINITE_RECURSION = YES;
				CLANG_WARN_INT_CONVERSION = YES;
				CLANG_WARN_NON_LITERAL_NULL_CONVERSION = YES;
				CLANG_WARN_OBJC_IMPLICIT_RETAIN_SELF = YES;
				CLANG_WARN_OBJC_LITERAL_CONVERSION = YES;
				CLANG_WARN_OBJC_ROOT_CLASS = YES_ERROR;
				CLANG_WARN_QUOTED_INCLUDE_IN_FRAMEWORK_HEADER = YES;
				CLANG_WARN_RANGE_LOOP_ANALYSIS = YES;
				CLANG_WARN_STRICT_PROTOTYPES = YES;
				CLANG_WARN_SUSPICIOUS_MOVE = YES;
				CLANG_WARN_UNGUARDED_AVAILABILITY = YES_AGGRESSIVE;
				CLANG_WARN_UNREACHABLE_CODE = YES;
				CLANG_WARN__DUPLICATE_METHOD_MATCH = YES;
				COPY_PHASE_STRIP = NO;
				DEBUG_INFORMATION_FORMAT = "dwarf-with-dsym";
				ENABLE_NS_ASSERTIONS = NO;
				ENABLE_STRICT_OBJC_MSGSEND = YES;
				GCC_C_LANGUAGE_STANDARD = gnu11;
				GCC_NO_COMMON_BLOCKS = YES;
				GCC_WARN_64_TO_32_BIT_CONVERSION = YES;
				GCC_WARN_ABOUT_RETURN_TYPE = YES_ERROR;
				GCC_WARN_UNDECLARED_SELECTOR = YES;
				GCC_WARN_UNINITIALIZED_AUTOS = YES_AGGRESSIVE;
				GCC_WARN_UNUSED_FUNCTION = YES;
				GCC_WARN_UNUSED_VARIABLE = YES;
				MACOSX_DEPLOYMENT_TARGET = 13.2;
				MTL_ENABLE_DEBUG_INFO = NO;
				MTL_FAST_MATH = YES;
				SDKROOT = macosx;
				SWIFT_COMPILATION_MODE = wholemodule;
				SWIFT_OPTIMIZATION_LEVEL = "-O";
			};
			name = Release;
		};
		80A4479329DACCCF00C4BC9D /* Debug */ = {
			isa = XCBuildConfiguration;
			buildSettings = {
				ASSETCATALOG_COMPILER_APPICON_NAME = AppIcon;
				ASSETCATALOG_COMPILER_GLOBAL_ACCENT_COLOR_NAME = AccentColor;
				CODE_SIGN_ENTITLEMENTS = PreferenceWithNSViewRepresentableIssue/PreferenceWithNSViewRepresentableIssue.entitlements;
				"CODE_SIGN_IDENTITY[sdk=macosx*]" = "-";
				CODE_SIGN_STYLE = Automatic;
				COMBINE_HIDPI_IMAGES = YES;
				CURRENT_PROJECT_VERSION = 1;
				DEVELOPMENT_ASSET_PATHS = "\"PreferenceWithNSViewRepresentableIssue/Preview Content\"";
				DEVELOPMENT_TEAM = "";
				ENABLE_HARDENED_RUNTIME = YES;
				ENABLE_PREVIEWS = YES;
				GENERATE_INFOPLIST_FILE = YES;
				INFOPLIST_KEY_NSHumanReadableCopyright = "";
				LD_RUNPATH_SEARCH_PATHS = (
					"$(inherited)",
					"@executable_path/../Frameworks",
				);
				MARKETING_VERSION = 1.0;
				PRODUCT_BUNDLE_IDENTIFIER = eu.structuredpath.PreferenceWithNSViewRepresentableIssue;
				PRODUCT_NAME = "$(TARGET_NAME)";
				SWIFT_EMIT_LOC_STRINGS = YES;
				SWIFT_VERSION = 5.0;
			};
			name = Debug;
		};
		80A4479429DACCCF00C4BC9D /* Release */ = {
			isa = XCBuildConfiguration;
			buildSettings = {
				ASSETCATALOG_COMPILER_APPICON_NAME = AppIcon;
				ASSETCATALOG_COMPILER_GLOBAL_ACCENT_COLOR_NAME = AccentColor;
				CODE_SIGN_ENTITLEMENTS = PreferenceWithNSViewRepresentableIssue/PreferenceWithNSViewRepresentableIssue.entitlements;
				"CODE_SIGN_IDENTITY[sdk=macosx*]" = "-";
				CODE_SIGN_STYLE = Automatic;
				COMBINE_HIDPI_IMAGES = YES;
				CURRENT_PROJECT_VERSION = 1;
				DEVELOPMENT_ASSET_PATHS = "\"PreferenceWithNSViewRepresentableIssue/Preview Content\"";
				DEVELOPMENT_TEAM = "";
				ENABLE_HARDENED_RUNTIME = YES;
				ENABLE_PREVIEWS = YES;
				GENERATE_INFOPLIST_FILE = YES;
				INFOPLIST_KEY_NSHumanReadableCopyright = "";
				LD_RUNPATH_SEARCH_PATHS = (
					"$(inherited)",
					"@executable_path/../Frameworks",
				);
				MARKETING_VERSION = 1.0;
				PRODUCT_BUNDLE_IDENTIFIER = eu.structuredpath.PreferenceWithNSViewRepresentableIssue;
				PRODUCT_NAME = "$(TARGET_NAME)";
				SWIFT_EMIT_LOC_STRINGS = YES;
				SWIFT_VERSION = 5.0;
			};
			name = Release;
		};
/* End XCBuildConfiguration section */

/* Begin XCConfigurationList section */
		80A4477E29DACCCE00C4BC9D /* Build configuration list for PBXProject "PreferenceWithNSViewRepresentableIssue" */ = {
			isa = XCConfigurationList;
			buildConfigurations = (
				80A4479029DACCCF00C4BC9D /* Debug */,
				80A4479129DACCCF00C4BC9D /* Release */,
			);
			defaultConfigurationIsVisible = 0;
			defaultConfigurationName = Release;
		};
		80A4479229DACCCF00C4BC9D /* Build configuration list for PBXNativeTarget "PreferenceWithNSViewRepresentableIssue" */ = {
			isa = XCConfigurationList;
			buildConfigurations = (
				80A4479329DACCCF00C4BC9D /* Debug */,
				80A4479429DACCCF00C4BC9D /* Release */,
			);
			defaultConfigurationIsVisible = 0;
			defaultConfigurationName = Release;
		};
/* End XCConfigurationList section */
	};
	rootObject = 80A4477B29DACCCE00C4BC9D /* Project object */;
}
