// !$*UTF8*$!
{
	archiveVersion = 1;
	classes = {
	};
	objectVersion = 50;
	objects = {

/* Begin PBXBuildFile section */
		806C54C822A16B10002BA186 /* AppDelegate.swift in Sources */ = {isa = PBXBuildFile; fileRef = 806C54C722A16B10002BA186 /* AppDelegate.swift */; };
		806C54CA22A16B11002BA186 /* Assets.xcassets in Resources */ = {isa = PBXBuildFile; fileRef = 806C54C922A16B11002BA186 /* Assets.xcassets */; };
		806C54CD22A16B11002BA186 /* MainMenu.xib in Resources */ = {isa = PBXBuildFile; fileRef = 806C54CB22A16B11002BA186 /* MainMenu.xib */; };
		806C54D622A16B51002BA186 /* CanvasView.swift in Sources */ = {isa = PBXBuildFile; fileRef = 806C54D522A16B51002BA186 /* CanvasView.swift */; };
/* End PBXBuildFile section */

/* Begin PBXFileReference section */
		806C54C422A16B10002BA186 /* ResponsiveScrollingModifierMagnification.app */ = {isa = PBXFileReference; explicitFileType = wrapper.application; includeInIndex = 0; path = ResponsiveScrollingModifierMagnification.app; sourceTree = BUILT_PRODUCTS_DIR; };
		806C54C722A16B10002BA186 /* AppDelegate.swift */ = {isa = PBXFileReference; lastKnownFileType = sourcecode.swift; path = AppDelegate.swift; sourceTree = "<group>"; };
		806C54C922A16B11002BA186 /* Assets.xcassets */ = {isa = PBXFileReference; lastKnownFileType = folder.assetcatalog; path = Assets.xcassets; sourceTree = "<group>"; };
		806C54CC22A16B11002BA186 /* Base */ = {isa = PBXFileReference; lastKnownFileType = file.xib; name = Base; path = Base.lproj/MainMenu.xib; sourceTree = "<group>"; };
		806C54CE22A16B11002BA186 /* Info.plist */ = {isa = PBXFileReference; lastKnownFileType = text.plist.xml; path = Info.plist; sourceTree = "<group>"; };
		806C54CF22A16B11002BA186 /* ResponsiveScrollingModifierMagnification.entitlements */ = {isa = PBXFileReference; lastKnownFileType = text.plist.entitlements; path = ResponsiveScrollingModifierMagnification.entitlements; sourceTree = "<group>"; };
		806C54D522A16B51002BA186 /* CanvasView.swift */ = {isa = PBXFileReference; lastKnownFileType = sourcecode.swift; path = CanvasView.swift; sourceTree = "<group>"; };
/* End PBXFileReference section */

/* Begin PBXFrameworksBuildPhase section */
		806C54C122A16B10002BA186 /* Frameworks */ = {
			isa = PBXFrameworksBuildPhase;
			buildActionMask = 2147483647;
			files = (
			);
			runOnlyForDeploymentPostprocessing = 0;
		};
/* End PBXFrameworksBuildPhase section */

/* Begin PBXGroup section */
		806C54BB22A16B10002BA186 = {
			isa = PBXGroup;
			children = (
				806C54C622A16B10002BA186 /* ResponsiveScrollingModifierMagnification */,
				806C54C522A16B10002BA186 /* Products */,
			);
			sourceTree = "<group>";
		};
		806C54C522A16B10002BA186 /* Products */ = {
			isa = PBXGroup;
			children = (
				806C54C422A16B10002BA186 /* ResponsiveScrollingModifierMagnification.app */,
			);
			name = Products;
			sourceTree = "<group>";
		};
		806C54C622A16B10002BA186 /* ResponsiveScrollingModifierMagnification */ = {
			isa = PBXGroup;
			children = (
				806C54C722A16B10002BA186 /* AppDelegate.swift */,
				806C54D522A16B51002BA186 /* CanvasView.swift */,
				806C54CB22A16B11002BA186 /* MainMenu.xib */,
				806C54C922A16B11002BA186 /* Assets.xcassets */,
				806C54CE22A16B11002BA186 /* Info.plist */,
				806C54CF22A16B11002BA186 /* ResponsiveScrollingModifierMagnification.entitlements */,
			);
			path = ResponsiveScrollingModifierMagnification;
			sourceTree = "<group>";
		};
/* End PBXGroup section */

/* Begin PBXNativeTarget section */
		806C54C322A16B10002BA186 /* ResponsiveScrollingModifierMagnification */ = {
			isa = PBXNativeTarget;
			buildConfigurationList = 806C54D222A16B11002BA186 /* Build configuration list for PBXNativeTarget "ResponsiveScrollingModifierMagnification" */;
			buildPhases = (
				806C54C022A16B10002BA186 /* Sources */,
				806C54C122A16B10002BA186 /* Frameworks */,
				806C54C222A16B10002BA186 /* Resources */,
			);
			buildRules = (
			);
			dependencies = (
			);
			name = ResponsiveScrollingModifierMagnification;
			productName = ResponsiveScrollingModifierMagnification;
			productReference = 806C54C422A16B10002BA186 /* ResponsiveScrollingModifierMagnification.app */;
			productType = "com.apple.product-type.application";
		};
/* End PBXNativeTarget section */

/* Begin PBXProject section */
		806C54BC22A16B10002BA186 /* Project object */ = {
			isa = PBXProject;
			attributes = {
				LastSwiftUpdateCheck = 1020;
				LastUpgradeCheck = 1140;
				ORGANIZATIONNAME = "Structured Path GmbH";
				TargetAttributes = {
					806C54C322A16B10002BA186 = {
						CreatedOnToolsVersion = 10.2;
					};
				};
			};
			buildConfigurationList = 806C54BF22A16B10002BA186 /* Build configuration list for PBXProject "ResponsiveScrollingModifierMagnification" */;
			compatibilityVersion = "Xcode 9.3";
			developmentRegion = en;
			hasScannedForEncodings = 0;
			knownRegions = (
				en,
				Base,
			);
			mainGroup = 806C54BB22A16B10002BA186;
			productRefGroup = 806C54C522A16B10002BA186 /* Products */;
			projectDirPath = "";
			projectRoot = "";
			targets = (
				806C54C322A16B10002BA186 /* ResponsiveScrollingModifierMagnification */,
			);
		};
/* End PBXProject section */

/* Begin PBXResourcesBuildPhase section */
		806C54C222A16B10002BA186 /* Resources */ = {
			isa = PBXResourcesBuildPhase;
			buildActionMask = 2147483647;
			files = (
				806C54CA22A16B11002BA186 /* Assets.xcassets in Resources */,
				806C54CD22A16B11002BA186 /* MainMenu.xib in Resources */,
			);
			runOnlyForDeploymentPostprocessing = 0;
		};
/* End PBXResourcesBuildPhase section */

/* Begin PBXSourcesBuildPhase section */
		806C54C022A16B10002BA186 /* Sources */ = {
			isa = PBXSourcesBuildPhase;
			buildActionMask = 2147483647;
			files = (
				806C54D622A16B51002BA186 /* CanvasView.swift in Sources */,
				806C54C822A16B10002BA186 /* AppDelegate.swift in Sources */,
			);
			runOnlyForDeploymentPostprocessing = 0;
		};
/* End PBXSourcesBuildPhase section */

/* Begin PBXVariantGroup section */
		806C54CB22A16B11002BA186 /* MainMenu.xib */ = {
			isa = PBXVariantGroup;
			children = (
				806C54CC22A16B11002BA186 /* Base */,
			);
			name = MainMenu.xib;
			sourceTree = "<group>";
		};
/* End PBXVariantGroup section */

/* Begin XCBuildConfiguration section */
		806C54D022A16B11002BA186 /* Debug */ = {
			isa = XCBuildConfiguration;
			buildSettings = {
				ALWAYS_SEARCH_USER_PATHS = NO;
				CLANG_ANALYZER_NONNULL = YES;
				CLANG_ANALYZER_NUMBER_OBJECT_CONVERSION = YES_AGGRESSIVE;
				CLANG_CXX_LANGUAGE_STANDARD = "gnu++14";
				CLANG_CXX_LIBRARY = "libc++";
				CLANG_ENABLE_MODULES = YES;
				CLANG_ENABLE_OBJC_ARC = YES;
				CLANG_ENABLE_OBJC_WEAK = YES;
				CLANG_WARN_BLOCK_CAPTURE_AUTORELEASING = YES;
				CLANG_WARN_BOOL_CONVERSION = YES;
				CLANG_WARN_COMMA = YES;
				CLANG_WARN_CONSTANT_CONVERSION = YES;
				CLANG_WARN_DEPRECATED_OBJC_IMPLEMENTATIONS = YES;
				CLANG_WARN_DIRECT_OBJC_ISA_USAGE = YES_ERROR;
				CLANG_WARN_DOCUMENTATION_COMMENTS = YES;
				CLANG_WARN_EMPTY_BODY = YES;
				CLANG_WARN_ENUM_CONVERSION = YES;
				CLANG_WARN_INFINITE_RECURSION = YES;
				CLANG_WARN_INT_CONVERSION = YES;
				CLANG_WARN_NON_LITERAL_NULL_CONVERSION = YES;
				CLANG_WARN_OBJC_IMPLICIT_RETAIN_SELF = YES;
				CLANG_WARN_OBJC_LITERAL_CONVERSION = YES;
				CLANG_WARN_OBJC_ROOT_CLASS = YES_ERROR;
				CLANG_WARN_RANGE_LOOP_ANALYSIS = YES;
				CLANG_WARN_STRICT_PROTOTYPES = YES;
				CLANG_WARN_SUSPICIOUS_MOVE = YES;
				CLANG_WARN_UNGUARDED_AVAILABILITY = YES_AGGRESSIVE;
				CLANG_WARN_UNREACHABLE_CODE = YES;
				CLANG_WARN__DUPLICATE_METHOD_MATCH = YES;
				CODE_SIGN_IDENTITY = "Mac Developer";
				COPY_PHASE_STRIP = NO;
				DEBUG_INFORMATION_FORMAT = dwarf;
				ENABLE_STRICT_OBJC_MSGSEND = YES;
				ENABLE_TESTABILITY = YES;
				GCC_C_LANGUAGE_STANDARD = gnu11;
				GCC_DYNAMIC_NO_PIC = NO;
				GCC_NO_COMMON_BLOCKS = YES;
				GCC_OPTIMIZATION_LEVEL = 0;
				GCC_PREPROCESSOR_DEFINITIONS = (
					"DEBUG=1",
					"$(inherited)",
				);
				GCC_WARN_64_TO_32_BIT_CONVERSION = YES;
				GCC_WARN_ABOUT_RETURN_TYPE = YES_ERROR;
				GCC_WARN_UNDECLARED_SELECTOR = YES;
				GCC_WARN_UNINITIALIZED_AUTOS = YES_AGGRESSIVE;
				GCC_WARN_UNUSED_FUNCTION = YES;
				GCC_WARN_UNUSED_VARIABLE = YES;
				MACOSX_DEPLOYMENT_TARGET = 10.14;
				MTL_ENABLE_DEBUG_INFO = INCLUDE_SOURCE;
				MTL_FAST_MATH = YES;
				ONLY_ACTIVE_ARCH = YES;
				SDKROOT = macosx;
				SWIFT_ACTIVE_COMPILATION_CONDITIONS = DEBUG;
				SWIFT_OPTIMIZATION_LEVEL = "-Onone";
			};
			name = Debug;
		};
		806C54D122A16B11002BA186 /* Release */ = {
			isa = XCBuildConfiguration;
			buildSettings = {
				ALWAYS_SEARCH_USER_PATHS = NO;
				CLANG_ANALYZER_NONNULL = YES;
				CLANG_ANALYZER_NUMBER_OBJECT_CONVERSION = YES_AGGRESSIVE;
				CLANG_CXX_LANGUAGE_STANDARD = "gnu++14";
				CLANG_CXX_LIBRARY = "libc++";
				CLANG_ENABLE_MODULES = YES;
				CLANG_ENABLE_OBJC_ARC = YES;
				CLANG_ENABLE_OBJC_WEAK = YES;
				CLANG_WARN_BLOCK_CAPTURE_AUTORELEASING = YES;
				CLANG_WARN_BOOL_CONVERSION = YES;
				CLANG_WARN_COMMA = YES;
				CLANG_WARN_CONSTANT_CONVERSION = YES;
				CLANG_WARN_DEPRECATED_OBJC_IMPLEMENTATIONS = YES;
				CLANG_WARN_DIRECT_OBJC_ISA_USAGE = YES_ERROR;
				CLANG_WARN_DOCUMENTATION_COMMENTS = YES;
				CLANG_WARN_EMPTY_BODY = YES;
				CLANG_WARN_ENUM_CONVERSION = YES;
				CLANG_WARN_INFINITE_RECURSION = YES;
				CLANG_WARN_INT_CONVERSION = YES;
				CLANG_WARN_NON_LITERAL_NULL_CONVERSION = YES;
				CLANG_WARN_OBJC_IMPLICIT_RETAIN_SELF = YES;
				CLANG_WARN_OBJC_LITERAL_CONVERSION = YES;
				CLANG_WARN_OBJC_ROOT_CLASS = YES_ERROR;
				CLANG_WARN_RANGE_LOOP_ANALYSIS = YES;
				CLANG_WARN_STRICT_PROTOTYPES = YES;
				CLANG_WARN_SUSPICIOUS_MOVE = YES;
				CLANG_WARN_UNGUARDED_AVAILABILITY = YES_AGGRESSIVE;
				CLANG_WARN_UNREACHABLE_CODE = YES;
				CLANG_WARN__DUPLICATE_METHOD_MATCH = YES;
				CODE_SIGN_IDENTITY = "Mac Developer";
				COPY_PHASE_STRIP = NO;
				DEBUG_INFORMATION_FORMAT = "dwarf-with-dsym";
				ENABLE_NS_ASSERTIONS = NO;
				ENABLE_STRICT_OBJC_MSGSEND = YES;
				GCC_C_LANGUAGE_STANDARD = gnu11;
				GCC_NO_COMMON_BLOCKS = YES;
				GCC_WARN_64_TO_32_BIT_CONVERSION = YES;
				GCC_WARN_ABOUT_RETURN_TYPE = YES_ERROR;
				GCC_WARN_UNDECLARED_SELECTOR = YES;
				GCC_WARN_UNINITIALIZED_AUTOS = YES_AGGRESSIVE;
				GCC_WARN_UNUSED_FUNCTION = YES;
				GCC_WARN_UNUSED_VARIABLE = YES;
				MACOSX_DEPLOYMENT_TARGET = 10.14;
				MTL_ENABLE_DEBUG_INFO = NO;
				MTL_FAST_MATH = YES;
				SDKROOT = macosx;
				SWIFT_COMPILATION_MODE = wholemodule;
				SWIFT_OPTIMIZATION_LEVEL = "-O";
			};
			name = Release;
		};
		806C54D322A16B11002BA186 /* Debug */ = {
			isa = XCBuildConfiguration;
			buildSettings = {
				ASSETCATALOG_COMPILER_APPICON_NAME = AppIcon;
				CODE_SIGN_ENTITLEMENTS = ResponsiveScrollingModifierMagnification/ResponsiveScrollingModifierMagnification.entitlements;
				CODE_SIGN_IDENTITY = "-";
				CODE_SIGN_STYLE = Automatic;
				COMBINE_HIDPI_IMAGES = YES;
				DEVELOPMENT_TEAM = 794PTYRX57;
				INFOPLIST_FILE = ResponsiveScrollingModifierMagnification/Info.plist;
				LD_RUNPATH_SEARCH_PATHS = (
					"$(inherited)",
					"@executable_path/../Frameworks",
				);
				PRODUCT_BUNDLE_IDENTIFIER = com.lukaskubanek.ResponsiveScrollingModifierMagnification;
				PRODUCT_NAME = "$(TARGET_NAME)";
				SWIFT_VERSION = 5.0;
			};
			name = Debug;
		};
		806C54D422A16B11002BA186 /* Release */ = {
			isa = XCBuildConfiguration;
			buildSettings = {
				ASSETCATALOG_COMPILER_APPICON_NAME = AppIcon;
				CODE_SIGN_ENTITLEMENTS = ResponsiveScrollingModifierMagnification/ResponsiveScrollingModifierMagnification.entitlements;
				CODE_SIGN_IDENTITY = "-";
				CODE_SIGN_STYLE = Automatic;
				COMBINE_HIDPI_IMAGES = YES;
				DEVELOPMENT_TEAM = 794PTYRX57;
				INFOPLIST_FILE = ResponsiveScrollingModifierMagnification/Info.plist;
				LD_RUNPATH_SEARCH_PATHS = (
					"$(inherited)",
					"@executable_path/../Frameworks",
				);
				PRODUCT_BUNDLE_IDENTIFIER = com.lukaskubanek.ResponsiveScrollingModifierMagnification;
				PRODUCT_NAME = "$(TARGET_NAME)";
				SWIFT_VERSION = 5.0;
			};
			name = Release;
		};
/* End XCBuildConfiguration section */

/* Begin XCConfigurationList section */
		806C54BF22A16B10002BA186 /* Build configuration list for PBXProject "ResponsiveScrollingModifierMagnification" */ = {
			isa = XCConfigurationList;
			buildConfigurations = (
				806C54D022A16B11002BA186 /* Debug */,
				806C54D122A16B11002BA186 /* Release */,
			);
			defaultConfigurationIsVisible = 0;
			defaultConfigurationName = Release;
		};
		806C54D222A16B11002BA186 /* Build configuration list for PBXNativeTarget "ResponsiveScrollingModifierMagnification" */ = {
			isa = XCConfigurationList;
			buildConfigurations = (
				806C54D322A16B11002BA186 /* Debug */,
				806C54D422A16B11002BA186 /* Release */,
			);
			defaultConfigurationIsVisible = 0;
			defaultConfigurationName = Release;
		};
/* End XCConfigurationList section */
	};
	rootObject = 806C54BC22A16B10002BA186 /* Project object */;
}
