// !$*UTF8*$!
{
	archiveVersion = 1;
	classes = {
	};
	objectVersion = 50;
	objects = {

/* Begin PBXBuildFile section */
		80F4977C249E7DCD0053FC6E /* AppDelegate.swift in Sources */ = {isa = PBXBuildFile; fileRef = 80F4977B249E7DCD0053FC6E /* AppDelegate.swift */; };
		80F4977E249E7DCE0053FC6E /* Assets.xcassets in Resources */ = {isa = PBXBuildFile; fileRef = 80F4977D249E7DCE0053FC6E /* Assets.xcassets */; };
		80F49781249E7DCE0053FC6E /* MainMenu.xib in Resources */ = {isa = PBXBuildFile; fileRef = 80F4977F249E7DCE0053FC6E /* MainMenu.xib */; };
		80F4978A249E7E620053FC6E /* DocumentView.swift in Sources */ = {isa = PBXBuildFile; fileRef = 80F49789249E7E620053FC6E /* DocumentView.swift */; };
/* End PBXBuildFile section */

/* Begin PBXFileReference section */
		80F49778249E7DCD0053FC6E /* ResponsiveScrollingMemoryRenderingIssue.app */ = {isa = PBXFileReference; explicitFileType = wrapper.application; includeInIndex = 0; path = ResponsiveScrollingMemoryRenderingIssue.app; sourceTree = BUILT_PRODUCTS_DIR; };
		80F4977B249E7DCD0053FC6E /* AppDelegate.swift */ = {isa = PBXFileReference; lastKnownFileType = sourcecode.swift; path = AppDelegate.swift; sourceTree = "<group>"; };
		80F4977D249E7DCE0053FC6E /* Assets.xcassets */ = {isa = PBXFileReference; lastKnownFileType = folder.assetcatalog; path = Assets.xcassets; sourceTree = "<group>"; };
		80F49780249E7DCE0053FC6E /* Base */ = {isa = PBXFileReference; lastKnownFileType = file.xib; name = Base; path = Base.lproj/MainMenu.xib; sourceTree = "<group>"; };
		80F49782249E7DCE0053FC6E /* Info.plist */ = {isa = PBXFileReference; lastKnownFileType = text.plist.xml; path = Info.plist; sourceTree = "<group>"; };
		80F49783249E7DCE0053FC6E /* ResponsiveScrollingMemoryRenderingIssue.entitlements */ = {isa = PBXFileReference; lastKnownFileType = text.plist.entitlements; path = ResponsiveScrollingMemoryRenderingIssue.entitlements; sourceTree = "<group>"; };
		80F49789249E7E620053FC6E /* DocumentView.swift */ = {isa = PBXFileReference; lastKnownFileType = sourcecode.swift; path = DocumentView.swift; sourceTree = "<group>"; };
/* End PBXFileReference section */

/* Begin PBXFrameworksBuildPhase section */
		80F49775249E7DCD0053FC6E /* Frameworks */ = {
			isa = PBXFrameworksBuildPhase;
			buildActionMask = 2147483647;
			files = (
			);
			runOnlyForDeploymentPostprocessing = 0;
		};
/* End PBXFrameworksBuildPhase section */

/* Begin PBXGroup section */
		80F4976F249E7DCD0053FC6E = {
			isa = PBXGroup;
			children = (
				80F4977A249E7DCD0053FC6E /* ResponsiveScrollingMemoryRenderingIssue */,
				80F49779249E7DCD0053FC6E /* Products */,
			);
			sourceTree = "<group>";
		};
		80F49779249E7DCD0053FC6E /* Products */ = {
			isa = PBXGroup;
			children = (
				80F49778249E7DCD0053FC6E /* ResponsiveScrollingMemoryRenderingIssue.app */,
			);
			name = Products;
			sourceTree = "<group>";
		};
		80F4977A249E7DCD0053FC6E /* ResponsiveScrollingMemoryRenderingIssue */ = {
			isa = PBXGroup;
			children = (
				80F4977B249E7DCD0053FC6E /* AppDelegate.swift */,
				80F49789249E7E620053FC6E /* DocumentView.swift */,
				80F4977D249E7DCE0053FC6E /* Assets.xcassets */,
				80F4977F249E7DCE0053FC6E /* MainMenu.xib */,
				80F49782249E7DCE0053FC6E /* Info.plist */,
				80F49783249E7DCE0053FC6E /* ResponsiveScrollingMemoryRenderingIssue.entitlements */,
			);
			path = ResponsiveScrollingMemoryRenderingIssue;
			sourceTree = "<group>";
		};
/* End PBXGroup section */

/* Begin PBXNativeTarget section */
		80F49777249E7DCD0053FC6E /* ResponsiveScrollingMemoryRenderingIssue */ = {
			isa = PBXNativeTarget;
			buildConfigurationList = 80F49786249E7DCE0053FC6E /* Build configuration list for PBXNativeTarget "ResponsiveScrollingMemoryRenderingIssue" */;
			buildPhases = (
				80F49774249E7DCD0053FC6E /* Sources */,
				80F49775249E7DCD0053FC6E /* Frameworks */,
				80F49776249E7DCD0053FC6E /* Resources */,
			);
			buildRules = (
			);
			dependencies = (
			);
			name = ResponsiveScrollingMemoryRenderingIssue;
			productName = ResponsiveScrollingMemoryRenderingIssue;
			productReference = 80F49778249E7DCD0053FC6E /* ResponsiveScrollingMemoryRenderingIssue.app */;
			productType = "com.apple.product-type.application";
		};
/* End PBXNativeTarget section */

/* Begin PBXProject section */
		80F49770249E7DCD0053FC6E /* Project object */ = {
			isa = PBXProject;
			attributes = {
				LastSwiftUpdateCheck = 1140;
				LastUpgradeCheck = 1140;
				ORGANIZATIONNAME = "Structured Path GmbH";
				TargetAttributes = {
					80F49777249E7DCD0053FC6E = {
						CreatedOnToolsVersion = 11.4.1;
					};
				};
			};
			buildConfigurationList = 80F49773249E7DCD0053FC6E /* Build configuration list for PBXProject "ResponsiveScrollingMemoryRenderingIssue" */;
			compatibilityVersion = "Xcode 9.3";
			developmentRegion = en;
			hasScannedForEncodings = 0;
			knownRegions = (
				en,
				Base,
			);
			mainGroup = 80F4976F249E7DCD0053FC6E;
			productRefGroup = 80F49779249E7DCD0053FC6E /* Products */;
			projectDirPath = "";
			projectRoot = "";
			targets = (
				80F49777249E7DCD0053FC6E /* ResponsiveScrollingMemoryRenderingIssue */,
			);
		};
/* End PBXProject section */

/* Begin PBXResourcesBuildPhase section */
		80F49776249E7DCD0053FC6E /* Resources */ = {
			isa = PBXResourcesBuildPhase;
			buildActionMask = 2147483647;
			files = (
				80F4977E249E7DCE0053FC6E /* Assets.xcassets in Resources */,
				80F49781249E7DCE0053FC6E /* MainMenu.xib in Resources */,
			);
			runOnlyForDeploymentPostprocessing = 0;
		};
/* End PBXResourcesBuildPhase section */

/* Begin PBXSourcesBuildPhase section */
		80F49774249E7DCD0053FC6E /* Sources */ = {
			isa = PBXSourcesBuildPhase;
			buildActionMask = 2147483647;
			files = (
				80F4977C249E7DCD0053FC6E /* AppDelegate.swift in Sources */,
				80F4978A249E7E620053FC6E /* DocumentView.swift in Sources */,
			);
			runOnlyForDeploymentPostprocessing = 0;
		};
/* End PBXSourcesBuildPhase section */

/* Begin PBXVariantGroup section */
		80F4977F249E7DCE0053FC6E /* MainMenu.xib */ = {
			isa = PBXVariantGroup;
			children = (
				80F49780249E7DCE0053FC6E /* Base */,
			);
			name = MainMenu.xib;
			sourceTree = "<group>";
		};
/* End PBXVariantGroup section */

/* Begin XCBuildConfiguration section */
		80F49784249E7DCE0053FC6E /* Debug */ = {
			isa = XCBuildConfiguration;
			buildSettings = {
				ALWAYS_SEARCH_USER_PATHS = NO;
				CLANG_ANALYZER_NONNULL = YES;
				CLANG_ANALYZER_NUMBER_OBJECT_CONVERSION = YES_AGGRESSIVE;
				CLANG_CXX_LANGUAGE_STANDARD = "gnu++14";
				CLANG_CXX_LIBRARY = "libc++";
				CLANG_ENABLE_MODULES = YES;
				CLANG_ENABLE_OBJC_ARC = YES;
				CLANG_ENABLE_OBJC_WEAK = YES;
				CLANG_WARN_BLOCK_CAPTURE_AUTORELEASING = YES;
				CLANG_WARN_BOOL_CONVERSION = YES;
				CLANG_WARN_COMMA = YES;
				CLANG_WARN_CONSTANT_CONVERSION = YES;
				CLANG_WARN_DEPRECATED_OBJC_IMPLEMENTATIONS = YES;
				CLANG_WARN_DIRECT_OBJC_ISA_USAGE = YES_ERROR;
				CLANG_WARN_DOCUMENTATION_COMMENTS = YES;
				CLANG_WARN_EMPTY_BODY = YES;
				CLANG_WARN_ENUM_CONVERSION = YES;
				CLANG_WARN_INFINITE_RECURSION = YES;
				CLANG_WARN_INT_CONVERSION = YES;
				CLANG_WARN_NON_LITERAL_NULL_CONVERSION = YES;
				CLANG_WARN_OBJC_IMPLICIT_RETAIN_SELF = YES;
				CLANG_WARN_OBJC_LITERAL_CONVERSION = YES;
				CLANG_WARN_OBJC_ROOT_CLASS = YES_ERROR;
				CLANG_WARN_RANGE_LOOP_ANALYSIS = YES;
				CLANG_WARN_STRICT_PROTOTYPES = YES;
				CLANG_WARN_SUSPICIOUS_MOVE = YES;
				CLANG_WARN_UNGUARDED_AVAILABILITY = YES_AGGRESSIVE;
				CLANG_WARN_UNREACHABLE_CODE = YES;
				CLANG_WARN__DUPLICATE_METHOD_MATCH = YES;
				COPY_PHASE_STRIP = NO;
				DEBUG_INFORMATION_FORMAT = dwarf;
				ENABLE_STRICT_OBJC_MSGSEND = YES;
				ENABLE_TESTABILITY = YES;
				GCC_C_LANGUAGE_STANDARD = gnu11;
				GCC_DYNAMIC_NO_PIC = NO;
				GCC_NO_COMMON_BLOCKS = YES;
				GCC_OPTIMIZATION_LEVEL = 0;
				GCC_PREPROCESSOR_DEFINITIONS = (
					"DEBUG=1",
					"$(inherited)",
				);
				GCC_WARN_64_TO_32_BIT_CONVERSION = YES;
				GCC_WARN_ABOUT_RETURN_TYPE = YES_ERROR;
				GCC_WARN_UNDECLARED_SELECTOR = YES;
				GCC_WARN_UNINITIALIZED_AUTOS = YES_AGGRESSIVE;
				GCC_WARN_UNUSED_FUNCTION = YES;
				GCC_WARN_UNUSED_VARIABLE = YES;
				MACOSX_DEPLOYMENT_TARGET = 10.15;
				MTL_ENABLE_DEBUG_INFO = INCLUDE_SOURCE;
				MTL_FAST_MATH = YES;
				ONLY_ACTIVE_ARCH = YES;
				SDKROOT = macosx;
				SWIFT_ACTIVE_COMPILATION_CONDITIONS = DEBUG;
				SWIFT_OPTIMIZATION_LEVEL = "-Onone";
			};
			name = Debug;
		};
		80F49785249E7DCE0053FC6E /* Release */ = {
			isa = XCBuildConfiguration;
			buildSettings = {
				ALWAYS_SEARCH_USER_PATHS = NO;
				CLANG_ANALYZER_NONNULL = YES;
				CLANG_ANALYZER_NUMBER_OBJECT_CONVERSION = YES_AGGRESSIVE;
				CLANG_CXX_LANGUAGE_STANDARD = "gnu++14";
				CLANG_CXX_LIBRARY = "libc++";
				CLANG_ENABLE_MODULES = YES;
				CLANG_ENABLE_OBJC_ARC = YES;
				CLANG_ENABLE_OBJC_WEAK = YES;
				CLANG_WARN_BLOCK_CAPTURE_AUTORELEASING = YES;
				CLANG_WARN_BOOL_CONVERSION = YES;
				CLANG_WARN_COMMA = YES;
				CLANG_WARN_CONSTANT_CONVERSION = YES;
				CLANG_WARN_DEPRECATED_OBJC_IMPLEMENTATIONS = YES;
				CLANG_WARN_DIRECT_OBJC_ISA_USAGE = YES_ERROR;
				CLANG_WARN_DOCUMENTATION_COMMENTS = YES;
				CLANG_WARN_EMPTY_BODY = YES;
				CLANG_WARN_ENUM_CONVERSION = YES;
				CLANG_WARN_INFINITE_RECURSION = YES;
				CLANG_WARN_INT_CONVERSION = YES;
				CLANG_WARN_NON_LITERAL_NULL_CONVERSION = YES;
				CLANG_WARN_OBJC_IMPLICIT_RETAIN_SELF = YES;
				CLANG_WARN_OBJC_LITERAL_CONVERSION = YES;
				CLANG_WARN_OBJC_ROOT_CLASS = YES_ERROR;
				CLANG_WARN_RANGE_LOOP_ANALYSIS = YES;
				CLANG_WARN_STRICT_PROTOTYPES = YES;
				CLANG_WARN_SUSPICIOUS_MOVE = YES;
				CLANG_WARN_UNGUARDED_AVAILABILITY = YES_AGGRESSIVE;
				CLANG_WARN_UNREACHABLE_CODE = YES;
				CLANG_WARN__DUPLICATE_METHOD_MATCH = YES;
				COPY_PHASE_STRIP = NO;
				DEBUG_INFORMATION_FORMAT = "dwarf-with-dsym";
				ENABLE_NS_ASSERTIONS = NO;
				ENABLE_STRICT_OBJC_MSGSEND = YES;
				GCC_C_LANGUAGE_STANDARD = gnu11;
				GCC_NO_COMMON_BLOCKS = YES;
				GCC_WARN_64_TO_32_BIT_CONVERSION = YES;
				GCC_WARN_ABOUT_RETURN_TYPE = YES_ERROR;
				GCC_WARN_UNDECLARED_SELECTOR = YES;
				GCC_WARN_UNINITIALIZED_AUTOS = YES_AGGRESSIVE;
				GCC_WARN_UNUSED_FUNCTION = YES;
				GCC_WARN_UNUSED_VARIABLE = YES;
				MACOSX_DEPLOYMENT_TARGET = 10.15;
				MTL_ENABLE_DEBUG_INFO = NO;
				MTL_FAST_MATH = YES;
				SDKROOT = macosx;
				SWIFT_COMPILATION_MODE = wholemodule;
				SWIFT_OPTIMIZATION_LEVEL = "-O";
			};
			name = Release;
		};
		80F49787249E7DCE0053FC6E /* Debug */ = {
			isa = XCBuildConfiguration;
			buildSettings = {
				ASSETCATALOG_COMPILER_APPICON_NAME = AppIcon;
				CODE_SIGN_ENTITLEMENTS = ResponsiveScrollingMemoryRenderingIssue/ResponsiveScrollingMemoryRenderingIssue.entitlements;
				CODE_SIGN_STYLE = Automatic;
				COMBINE_HIDPI_IMAGES = YES;
				DEVELOPMENT_TEAM = 794PTYRX57;
				ENABLE_HARDENED_RUNTIME = YES;
				INFOPLIST_FILE = ResponsiveScrollingMemoryRenderingIssue/Info.plist;
				LD_RUNPATH_SEARCH_PATHS = (
					"$(inherited)",
					"@executable_path/../Frameworks",
				);
				MACOSX_DEPLOYMENT_TARGET = 10.14;
				PRODUCT_BUNDLE_IDENTIFIER = de.structuredpath.ResponsiveScrollingMemoryRenderingIssue;
				PRODUCT_NAME = "$(TARGET_NAME)";
				SWIFT_VERSION = 5.0;
			};
			name = Debug;
		};
		80F49788249E7DCE0053FC6E /* Release */ = {
			isa = XCBuildConfiguration;
			buildSettings = {
				ASSETCATALOG_COMPILER_APPICON_NAME = AppIcon;
				CODE_SIGN_ENTITLEMENTS = ResponsiveScrollingMemoryRenderingIssue/ResponsiveScrollingMemoryRenderingIssue.entitlements;
				CODE_SIGN_STYLE = Automatic;
				COMBINE_HIDPI_IMAGES = YES;
				DEVELOPMENT_TEAM = 794PTYRX57;
				ENABLE_HARDENED_RUNTIME = YES;
				INFOPLIST_FILE = ResponsiveScrollingMemoryRenderingIssue/Info.plist;
				LD_RUNPATH_SEARCH_PATHS = (
					"$(inherited)",
					"@executable_path/../Frameworks",
				);
				MACOSX_DEPLOYMENT_TARGET = 10.14;
				PRODUCT_BUNDLE_IDENTIFIER = de.structuredpath.ResponsiveScrollingMemoryRenderingIssue;
				PRODUCT_NAME = "$(TARGET_NAME)";
				SWIFT_VERSION = 5.0;
			};
			name = Release;
		};
/* End XCBuildConfiguration section */

/* Begin XCConfigurationList section */
		80F49773249E7DCD0053FC6E /* Build configuration list for PBXProject "ResponsiveScrollingMemoryRenderingIssue" */ = {
			isa = XCConfigurationList;
			buildConfigurations = (
				80F49784249E7DCE0053FC6E /* Debug */,
				80F49785249E7DCE0053FC6E /* Release */,
			);
			defaultConfigurationIsVisible = 0;
			defaultConfigurationName = Release;
		};
		80F49786249E7DCE0053FC6E /* Build configuration list for PBXNativeTarget "ResponsiveScrollingMemoryRenderingIssue" */ = {
			isa = XCConfigurationList;
			buildConfigurations = (
				80F49787249E7DCE0053FC6E /* Debug */,
				80F49788249E7DCE0053FC6E /* Release */,
			);
			defaultConfigurationIsVisible = 0;
			defaultConfigurationName = Release;
		};
/* End XCConfigurationList section */
	};
	rootObject = 80F49770249E7DCD0053FC6E /* Project object */;
}
